{
  "nodes": {
    "fl-config": {
      "locked": {
        "lastModified": 1,
        "narHash": "sha256-PvB9ha0r4w6p412MBPP71kS/ZTBnOjxL0brlmyucPBA=",
        "path": "/nix/store/jwm4cjwv2amks1k6kz17wbfb7dqiyqdw-source/config",
        "type": "path"
      },
      "original": {
        "path": "/nix/store/jwm4cjwv2amks1k6kz17wbfb7dqiyqdw-source/config",
        "type": "path"
      }
    },
    "flakelib": {
      "inputs": {
        "fl-config": "fl-config",
        "std": "std"
      },
      "locked": {
        "lastModified": 1651168809,
        "narHash": "sha256-Gvf0LEBvbT1YD1AIPXt7Wf8UAkhr4y2VqOOQHqhIVOY=",
        "owner": "flakelib",
        "repo": "fl",
        "rev": "0d931ef1c59d8dc397e89d998c5587383507613e",
        "type": "github"
      },
      "original": {
        "owner": "flakelib",
        "repo": "fl",
        "type": "github"
      }
    },
    "nixpkgs": {
      "locked": {
        "lastModified": 1651167410,
        "narHash": "sha256-mVI2uRY3Rf6WS7iowNH3zdyhqSemRsksSMgAwZC8Y6w=",
        "owner": "NixOS",
        "repo": "nixpkgs",
        "rev": "c752103dd14c6baf4c00a6f2c1b689bdd9cd9b88",
        "type": "github"
      },
      "original": {
        "owner": "NixOS",
        "repo": "nixpkgs",
        "type": "github"
      }
    },
    "root": {
      "inputs": {
        "flakelib": "flakelib",
        "nixpkgs": "nixpkgs"
      }
    },
    "std": {
      "locked": {
        "lastModified": 1651163764,
        "narHash": "sha256-K7IH09asq+J9V7jFiW+FiOizoXByh9SQo/vJ0IUJPJQ=",
        "owner": "flakelib",
        "repo": "std",
        "rev": "27ece8838134ac6532fd34363d6de51fc7d77ec7",
        "type": "github"
      },
      "original": {
        "owner": "flakelib",
        "repo": "std",
        "type": "github"
      }
    }
  },
  "root": "root",
  "version": 7
}
