{
  "nodes": {
    "arclib": {
      "inputs": {
        "flakelib": [
          "flakelib"
        ],
        "nixpkgs": [
          "nixpkgs"
        ]
      },
      "locked": {
        "narHash": "sha256-icNFQs8voaZeghC/jXNZkAz1ltll/U5BQjDc7WYYJBk=",
        "path": "/nix/store/fvc95n3p4qkbcvnbww74bykyqzl8z2kl-source/lib",
        "type": "path"
      },
      "original": {
        "path": "/nix/store/fvc95n3p4qkbcvnbww74bykyqzl8z2kl-source/lib",
        "type": "path"
      }
    },
    "flakelib": {
      "inputs": {
        "std": "std"
      },
      "locked": {
        "lastModified": 1649977978,
        "narHash": "sha256-G8oW/L4QGSsle2QhVAVaAesrvo3sTm6hmX9gC3iWArA=",
        "owner": "flakelib",
        "repo": "fl",
        "rev": "a48dbcdf3b8714f24aef54170229c42644021988",
        "type": "github"
      },
      "original": {
        "owner": "flakelib",
        "repo": "fl",
        "type": "github"
      }
    },
    "nixpkgs": {
      "locked": {
        "lastModified": 1649986325,
        "narHash": "sha256-NeLllJAle+OCkOTgkPwNYSmIe3kvvoYujNJdJmBd14Y=",
        "owner": "NixOS",
        "repo": "nixpkgs",
        "rev": "29014d65aaa3ca36ce66e2ae733b044cf4c94fd7",
        "type": "github"
      },
      "original": {
        "owner": "NixOS",
        "repo": "nixpkgs",
        "type": "github"
      }
    },
    "root": {
      "inputs": {
        "arclib": "arclib",
        "flakelib": "flakelib",
        "nixpkgs": "nixpkgs"
      }
    },
    "std": {
      "locked": {
        "lastModified": 1649814279,
        "narHash": "sha256-laOWeW3D9laGwRRZq+1xtm8R9ZBHaVsZ7S3nYegiUjs=",
        "owner": "flakelib",
        "repo": "std",
        "rev": "d614857f99c79a32e30ab190c0eb1bac0b1164e4",
        "type": "github"
      },
      "original": {
        "owner": "flakelib",
        "repo": "std",
        "type": "github"
      }
    }
  },
  "root": "root",
  "version": 7
}
