{
  "nodes": {
    "fl-config": {
      "locked": {
        "lastModified": 1653159448,
        "narHash": "sha256-PvB9ha0r4w6p412MBPP71kS/ZTBnOjxL0brlmyucPBA=",
        "owner": "flakelib",
        "repo": "fl",
        "rev": "fcefb9738d5995308a24cda018a083ccb6b0f460",
        "type": "github"
      },
      "original": {
        "owner": "flakelib",
        "ref": "config",
        "repo": "fl",
        "type": "github"
      }
    },
    "flakelib": {
      "inputs": {
        "fl-config": "fl-config",
        "std": "std"
      },
      "locked": {
        "lastModified": 1653175637,
        "narHash": "sha256-dQpOC0nJnTfmNqbPlk1/C6aW/NRfoS20pSJIUM1X3VY=",
        "owner": "flakelib",
        "repo": "fl",
        "rev": "798bb3a6987efa22c6f4944e9136d54e372f0625",
        "type": "github"
      },
      "original": {
        "owner": "flakelib",
        "repo": "fl",
        "type": "github"
      }
    },
    "nix-std": {
      "locked": {
        "lastModified": 1652644856,
        "narHash": "sha256-tRRx4bBFwctWrUhnCNrcRee8Wiol1M7ypQTOPrLLtkc=",
        "owner": "flakelib",
        "repo": "std",
        "rev": "194230d45e99ce84cf25ea8b3ae4774601fc097c",
        "type": "github"
      },
      "original": {
        "owner": "flakelib",
        "ref": "master",
        "repo": "std",
        "type": "github"
      }
    },
    "nixpkgs": {
      "locked": {
        "lastModified": 1653445880,
        "narHash": "sha256-leKRC6mTP/WI49fKuwmXVfe1eIXtMSBcIzdIpkWHMoA=",
        "owner": "NixOS",
        "repo": "nixpkgs",
        "rev": "cef38c94886c2f40e5653a2ba6830632a6136bf8",
        "type": "github"
      },
      "original": {
        "owner": "NixOS",
        "repo": "nixpkgs",
        "type": "github"
      }
    },
    "root": {
      "inputs": {
        "flakelib": "flakelib",
        "nixpkgs": "nixpkgs"
      }
    },
    "std": {
      "inputs": {
        "nix-std": "nix-std"
      },
      "locked": {
        "lastModified": 1653157927,
        "narHash": "sha256-wT2L4XBu58vu8eKOvLfGK/2h4gwDjhTdLTQbGos1BlU=",
        "owner": "flakelib",
        "repo": "std",
        "rev": "f80d5bedb74de5722a813a9680fa8491817a05b4",
        "type": "github"
      },
      "original": {
        "owner": "flakelib",
        "repo": "std",
        "type": "github"
      }
    }
  },
  "root": "root",
  "version": 7
}
