{
  "nodes": {
    "arclib": {
      "inputs": {
        "flakelib": [
          "flakelib"
        ],
        "nixpkgs": [
          "nixpkgs"
        ]
      },
      "locked": {
        "lastModified": 1,
        "narHash": "sha256-S2uOSxZ9ZSPfKz35pWPbOD5cKpnlIgNtlVvEyq5c2Tw=",
        "path": "/nix/store/gy6smk3nfdpw4qpli8kqks6n2b8g18pm-source/lib",
        "type": "path"
      },
      "original": {
        "path": "/nix/store/gy6smk3nfdpw4qpli8kqks6n2b8g18pm-source/lib",
        "type": "path"
      }
    },
    "arcpkgs": {
      "inputs": {
        "arclib": [
          "arclib"
        ],
        "flakelib": [
          "flakelib"
        ],
        "nixpkgs": [
          "nixpkgs"
        ],
        "rust": "rust"
      },
      "locked": {
        "lastModified": 0,
        "narHash": "sha256-UeVHWn+9ZV0QijpHyigbwXikWV0sFvkCxoOVZicZtWw=",
        "path": "/nix/store/gy6smk3nfdpw4qpli8kqks6n2b8g18pm-source",
        "type": "path"
      },
      "original": {
        "path": "/nix/store/gy6smk3nfdpw4qpli8kqks6n2b8g18pm-source",
        "type": "path"
      }
    },
    "arcpkgs-weechat": {
      "inputs": {
        "flakelib": [
          "flakelib"
        ],
        "nixpkgs": [
          "nixpkgs"
        ]
      },
      "locked": {
        "lastModified": 1,
        "narHash": "sha256-c6R2R4YVnAHZxz2N8YIG9pgMwZ+lVnWYWkI3ejF7MpU=",
        "path": "/nix/store/gy6smk3nfdpw4qpli8kqks6n2b8g18pm-source/weechat",
        "type": "path"
      },
      "original": {
        "path": "/nix/store/gy6smk3nfdpw4qpli8kqks6n2b8g18pm-source/weechat",
        "type": "path"
      }
    },
    "fl-config": {
      "locked": {
        "lastModified": 1,
        "narHash": "sha256-PvB9ha0r4w6p412MBPP71kS/ZTBnOjxL0brlmyucPBA=",
        "path": "/nix/store/jwm4cjwv2amks1k6kz17wbfb7dqiyqdw-source/config",
        "type": "path"
      },
      "original": {
        "path": "/nix/store/jwm4cjwv2amks1k6kz17wbfb7dqiyqdw-source/config",
        "type": "path"
      }
    },
    "flakelib": {
      "inputs": {
        "fl-config": "fl-config",
        "std": "std"
      },
      "locked": {
        "lastModified": 1651168809,
        "narHash": "sha256-Gvf0LEBvbT1YD1AIPXt7Wf8UAkhr4y2VqOOQHqhIVOY=",
        "owner": "flakelib",
        "repo": "fl",
        "rev": "0d931ef1c59d8dc397e89d998c5587383507613e",
        "type": "github"
      },
      "original": {
        "owner": "flakelib",
        "repo": "fl",
        "type": "github"
      }
    },
    "nixpkgs": {
      "locked": {
        "lastModified": 1651167410,
        "narHash": "sha256-mVI2uRY3Rf6WS7iowNH3zdyhqSemRsksSMgAwZC8Y6w=",
        "owner": "NixOS",
        "repo": "nixpkgs",
        "rev": "c752103dd14c6baf4c00a6f2c1b689bdd9cd9b88",
        "type": "github"
      },
      "original": {
        "owner": "NixOS",
        "repo": "nixpkgs",
        "type": "github"
      }
    },
    "root": {
      "inputs": {
        "arclib": "arclib",
        "arcpkgs": "arcpkgs",
        "arcpkgs-weechat": "arcpkgs-weechat",
        "flakelib": "flakelib",
        "nixpkgs": "nixpkgs",
        "rxvt-unicode-plugins": "rxvt-unicode-plugins"
      }
    },
    "rust": {
      "flake": false,
      "locked": {
        "lastModified": 1649356267,
        "narHash": "sha256-Fyfk6hKMTG/PFSSi8Jy4fap8FzWCJSDcQucVnaG0J+E=",
        "owner": "arcnmx",
        "repo": "nixexprs-rust",
        "rev": "f5d0d412f673fa9778dfca354e1548a8272ffeea",
        "type": "github"
      },
      "original": {
        "owner": "arcnmx",
        "repo": "nixexprs-rust",
        "type": "github"
      }
    },
    "rxvt-unicode-plugins": {
      "inputs": {
        "flakelib": [
          "flakelib"
        ],
        "nixpkgs": [
          "nixpkgs"
        ]
      },
      "locked": {
        "lastModified": 1,
        "narHash": "sha256-jmsSdf2Pf7BZq4aZI4cvpKZY5vBbK4G3+nBaR3d00f8=",
        "path": "/nix/store/gy6smk3nfdpw4qpli8kqks6n2b8g18pm-source/urxvt",
        "type": "path"
      },
      "original": {
        "path": "/nix/store/gy6smk3nfdpw4qpli8kqks6n2b8g18pm-source/urxvt",
        "type": "path"
      }
    },
    "std": {
      "locked": {
        "lastModified": 1651163764,
        "narHash": "sha256-K7IH09asq+J9V7jFiW+FiOizoXByh9SQo/vJ0IUJPJQ=",
        "owner": "flakelib",
        "repo": "std",
        "rev": "27ece8838134ac6532fd34363d6de51fc7d77ec7",
        "type": "github"
      },
      "original": {
        "owner": "flakelib",
        "repo": "std",
        "type": "github"
      }
    }
  },
  "root": "root",
  "version": 7
}
